
Microsoft Visual Studio Solution File, Format Version 12.00
# Visual Studio 15
VisualStudioVersion = 15.0.28307.271
MinimumVisualStudioVersion = 10.0.40219.1
Project("{8BC9CEB8-8B4A-11D0-8D11-00A0C91BC942}") = "Homework1", "Homework1\Homework1.vcxproj", "{9BFC1A5D-0380-49DB-B800-BB26C4AE6B84}"
EndProject
Global
	GlobalSection(SolutionConfigurationPlatforms) = preSolution
		Debug|x64 = Debug|x64
		Debug|x86 = Debug|x86
		Release|x64 = Release|x64
		Release|x86 = Release|x86
	EndGlobalSection
	GlobalSection(ProjectConfigurationPlatforms) = postSolution
		{9BFC1A5D-0380-49DB-B800-BB26C4AE6B84}.Debug|x64.ActiveCfg = Debug|x64
		{9BFC1A5D-0380-49DB-B800-BB26C4AE6B84}.Debug|x64.Build.0 = Debug|x64
		{9BFC1A5D-0380-49DB-B800-BB26C4AE6B84}.Debug|x86.ActiveCfg = Debug|Win32
		{9BFC1A5D-0380-49DB-B800-BB26C4AE6B84}.Debug|x86.Build.0 = Debug|Win32
		{9BFC1A5D-0380-49DB-B800-BB26C4AE6B84}.Release|x64.ActiveCfg = Release|x64
		{9BFC1A5D-0380-49DB-B800-BB26C4AE6B84}.Release|x64.Build.0 = Release|x64
		{9BFC1A5D-0380-49DB-B800-BB26C4AE6B84}.Release|x86.ActiveCfg = Release|Win32
		{9BFC1A5D-0380-49DB-B800-BB26C4AE6B84}.Release|x86.Build.0 = Release|Win32
	EndGlobalSection
	GlobalSection(SolutionProperties) = preSolution
		HideSolutionNode = FALSE
	EndGlobalSection
	GlobalSection(ExtensibilityGlobals) = postSolution
		SolutionGuid = {E2B4DDF3-BAA5-4D39-A520-9C01028F67F1}
	EndGlobalSection
EndGlobal
