
Microsoft Visual Studio Solution File, Format Version 12.00
# Visual Studio 15
VisualStudioVersion = 15.0.28307.271
MinimumVisualStudioVersion = 10.0.40219.1
Project("{8BC9CEB8-8B4A-11D0-8D11-00A0C91BC942}") = "App2", "App2\App2.vcxproj", "{1F1D1034-E725-4EEF-AA00-2969B81965F6}"
EndProject
Global
	GlobalSection(SolutionConfigurationPlatforms) = preSolution
		Debug|x64 = Debug|x64
		Debug|x86 = Debug|x86
		Release|x64 = Release|x64
		Release|x86 = Release|x86
	EndGlobalSection
	GlobalSection(ProjectConfigurationPlatforms) = postSolution
		{1F1D1034-E725-4EEF-AA00-2969B81965F6}.Debug|x64.ActiveCfg = Debug|x64
		{1F1D1034-E725-4EEF-AA00-2969B81965F6}.Debug|x64.Build.0 = Debug|x64
		{1F1D1034-E725-4EEF-AA00-2969B81965F6}.Debug|x86.ActiveCfg = Debug|Win32
		{1F1D1034-E725-4EEF-AA00-2969B81965F6}.Debug|x86.Build.0 = Debug|Win32
		{1F1D1034-E725-4EEF-AA00-2969B81965F6}.Release|x64.ActiveCfg = Release|x64
		{1F1D1034-E725-4EEF-AA00-2969B81965F6}.Release|x64.Build.0 = Release|x64
		{1F1D1034-E725-4EEF-AA00-2969B81965F6}.Release|x86.ActiveCfg = Release|Win32
		{1F1D1034-E725-4EEF-AA00-2969B81965F6}.Release|x86.Build.0 = Release|Win32
	EndGlobalSection
	GlobalSection(SolutionProperties) = preSolution
		HideSolutionNode = FALSE
	EndGlobalSection
	GlobalSection(ExtensibilityGlobals) = postSolution
		SolutionGuid = {FE093647-E20A-4665-891A-64E0605DD07E}
	EndGlobalSection
EndGlobal
